
Microsoft Visual Studio Solution File, Format Version 12.00
# Visual Studio Version 16
VisualStudioVersion = 16.0.30907.101
MinimumVisualStudioVersion = 10.0.40219.1
Project("{FAE04EC0-301F-11D3-BF4B-00C04F79EFBC}") = "PartsTrader", "PartsTrader\PartsTrader.csproj", "{BEEF1A43-D572-40C8-9218-662482CB9B91}"
EndProject
Global
	GlobalSection(SolutionConfigurationPlatforms) = preSolution
		Debug|Any CPU = Debug|Any CPU
		Release|Any CPU = Release|Any CPU
	EndGlobalSection
	GlobalSection(ProjectConfigurationPlatforms) = postSolution
		{BEEF1A43-D572-40C8-9218-662482CB9B91}.Debug|Any CPU.ActiveCfg = Debug|Any CPU
		{BEEF1A43-D572-40C8-9218-662482CB9B91}.Debug|Any CPU.Build.0 = Debug|Any CPU
		{BEEF1A43-D572-40C8-9218-662482CB9B91}.Release|Any CPU.ActiveCfg = Release|Any CPU
		{BEEF1A43-D572-40C8-9218-662482CB9B91}.Release|Any CPU.Build.0 = Release|Any CPU
	EndGlobalSection
	GlobalSection(SolutionProperties) = preSolution
		HideSolutionNode = FALSE
	EndGlobalSection
	GlobalSection(ExtensibilityGlobals) = postSolution
		SolutionGuid = {A6B69002-5700-413F-916A-7AC6B63FED41}
	EndGlobalSection
EndGlobal
